{
  "name": "z-warn",
  "version": "1.0.0",
  "lockfileVersion": 1,
  "requires": true,
  "dependencies": {
    "@cfworker/json-schema": {
      "version": "1.6.5",
      "resolved": "https://registry.npm.taobao.org/@cfworker/json-schema/download/@cfworker/json-schema-1.6.5.tgz",
      "integrity": "sha1-64N5D2Y2AR2FmNcHAatyDUqLMMs="
    },
    "@cfworker/web": {
      "version": "1.6.5",
      "resolved": "https://registry.npm.taobao.org/@cfworker/web/download/@cfworker/web-1.6.5.tgz",
      "integrity": "sha1-ZFCtAN4sJzELaGloVR+WStV28ik=",
      "requires": {
        "@cfworker/json-schema": "^1.6.5",
        "@cfworker/worker-types": "^1.6.0",
        "@cloudflare/workers-types": "^2.0.0",
        "@types/cookie": "^0.4.0",
        "@types/escape-html": "^1.0.0",
        "@types/koa-compose": "3.2.5",
        "@types/secure-json-parse": "^1.0.2",
        "@types/statuses": "^1.5.0",
        "cookie": "^0.4.1",
        "escape-html": "^1.0.3",
        "koa-compose": "^4.1.0",
        "negotiator": "^0.6.2",
        "path-to-regexp": "^6.2.0",
        "secure-json-parse": "^2.1.0",
        "statuses": "^1.5.0"
      }
    },
    "@cfworker/worker-types": {
      "version": "1.6.0",
      "resolved": "https://registry.npm.taobao.org/@cfworker/worker-types/download/@cfworker/worker-types-1.6.0.tgz",
      "integrity": "sha1-1Zrk9SiaGsr/r23iJ6BahmJKcq8="
    },
    "@cloudflare/workers-types": {
      "version": "2.1.0",
      "resolved": "https://registry.npm.taobao.org/@cloudflare/workers-types/download/@cloudflare/workers-types-2.1.0.tgz",
      "integrity": "sha1-bk8HVn9MkUrYEcLXphctCug0x/Y="
    },
    "@types/accepts": {
      "version": "1.3.5",
      "resolved": "https://registry.npm.taobao.org/@types/accepts/download/@types/accepts-1.3.5.tgz",
      "integrity": "sha1-w0vsEVz8dG4E/loFnfTOfns5FXU=",
      "requires": {
        "@types/node": "*"
      }
    },
    "@types/body-parser": {
      "version": "1.19.0",
      "resolved": "https://registry.npm.taobao.org/@types/body-parser/download/@types/body-parser-1.19.0.tgz",
      "integrity": "sha1-BoWzxH6zAG/+0RfN1VFkth+AU48=",
      "requires": {
        "@types/connect": "*",
        "@types/node": "*"
      }
    },
    "@types/connect": {
      "version": "3.4.34",
      "resolved": "https://registry.npm.taobao.org/@types/connect/download/@types/connect-3.4.34.tgz?cache=0&sync_timestamp=1607458486278&other_urls=https%3A%2F%2Fregistry.npm.taobao.org%2F%40types%2Fconnect%2Fdownload%2F%40types%2Fconnect-3.4.34.tgz",
      "integrity": "sha1-FwpAIjptZmAG2TyhKK8r6x2bGQE=",
      "requires": {
        "@types/node": "*"
      }
    },
    "@types/content-disposition": {
      "version": "0.5.3",
      "resolved": "https://registry.npm.taobao.org/@types/content-disposition/download/@types/content-disposition-0.5.3.tgz?cache=0&sync_timestamp=1605052581005&other_urls=https%3A%2F%2Fregistry.npm.taobao.org%2F%40types%2Fcontent-disposition%2Fdownload%2F%40types%2Fcontent-disposition-0.5.3.tgz",
      "integrity": "sha1-CqEWcBlVwvqgcX/GnNFZYJXknZY="
    },
    "@types/cookie": {
      "version": "0.4.0",
      "resolved": "https://registry.npm.taobao.org/@types/cookie/download/@types/cookie-0.4.0.tgz?cache=0&sync_timestamp=1605052600723&other_urls=https%3A%2F%2Fregistry.npm.taobao.org%2F%40types%2Fcookie%2Fdownload%2F%40types%2Fcookie-0.4.0.tgz",
      "integrity": "sha1-FPhUwPk9Mm452m47bzT303UT0Qg="
    },
    "@types/cookies": {
      "version": "0.7.6",
      "resolved": "https://registry.npm.taobao.org/@types/cookies/download/@types/cookies-0.7.6.tgz?cache=0&sync_timestamp=1608671491786&other_urls=https%3A%2F%2Fregistry.npm.taobao.org%2F%40types%2Fcookies%2Fdownload%2F%40types%2Fcookies-0.7.6.tgz",
      "integrity": "sha1-cSEsU5GpdtO65X1LCfrCD8a9pQQ=",
      "requires": {
        "@types/connect": "*",
        "@types/express": "*",
        "@types/keygrip": "*",
        "@types/node": "*"
      }
    },
    "@types/escape-html": {
      "version": "1.0.0",
      "resolved": "https://registry.npm.taobao.org/@types/escape-html/download/@types/escape-html-1.0.0.tgz?cache=0&sync_timestamp=1605054323702&other_urls=https%3A%2F%2Fregistry.npm.taobao.org%2F%40types%2Fescape-html%2Fdownload%2F%40types%2Fescape-html-1.0.0.tgz",
      "integrity": "sha1-kTUSRRCwkwtmQlUUnlntdQ/BH2U="
    },
    "@types/express": {
      "version": "4.17.11",
      "resolved": "https://registry.npm.taobao.org/@types/express/download/@types/express-4.17.11.tgz?cache=0&sync_timestamp=1610485961396&other_urls=https%3A%2F%2Fregistry.npm.taobao.org%2F%40types%2Fexpress%2Fdownload%2F%40types%2Fexpress-4.17.11.tgz",
      "integrity": "sha1-3r48qm+OX82pa0e9VOL0DE7llUU=",
      "requires": {
        "@types/body-parser": "*",
        "@types/express-serve-static-core": "^4.17.18",
        "@types/qs": "*",
        "@types/serve-static": "*"
      }
    },
    "@types/express-serve-static-core": {
      "version": "4.17.18",
      "resolved": "https://registry.npm.taobao.org/@types/express-serve-static-core/download/@types/express-serve-static-core-4.17.18.tgz?cache=0&sync_timestamp=1610401618912&other_urls=https%3A%2F%2Fregistry.npm.taobao.org%2F%40types%2Fexpress-serve-static-core%2Fdownload%2F%40types%2Fexpress-serve-static-core-4.17.18.tgz",
      "integrity": "sha1-g3HiYPQODhygwRapr82UJvoJTEA=",
      "requires": {
        "@types/node": "*",
        "@types/qs": "*",
        "@types/range-parser": "*"
      }
    },
    "@types/http-assert": {
      "version": "1.5.1",
      "resolved": "https://registry.npm.taobao.org/@types/http-assert/download/@types/http-assert-1.5.1.tgz?cache=0&sync_timestamp=1605053586196&other_urls=https%3A%2F%2Fregistry.npm.taobao.org%2F%40types%2Fhttp-assert%2Fdownload%2F%40types%2Fhttp-assert-1.5.1.tgz",
      "integrity": "sha1-13XpNjDCRpwvmA/CfjFDJAM12zs="
    },
    "@types/http-errors": {
      "version": "1.8.0",
      "resolved": "https://registry.npm.taobao.org/@types/http-errors/download/@types/http-errors-1.8.0.tgz?cache=0&sync_timestamp=1605053586555&other_urls=https%3A%2F%2Fregistry.npm.taobao.org%2F%40types%2Fhttp-errors%2Fdownload%2F%40types%2Fhttp-errors-1.8.0.tgz",
      "integrity": "sha1-aCR327vQfNAycxyzsOfq7j0Ca2k="
    },
    "@types/keygrip": {
      "version": "1.0.2",
      "resolved": "https://registry.npm.taobao.org/@types/keygrip/download/@types/keygrip-1.0.2.tgz",
      "integrity": "sha1-UTq/0lbXrQvx7hhzYGMXszsbKnI="
    },
    "@types/koa": {
      "version": "2.11.6",
      "resolved": "https://registry.npm.taobao.org/@types/koa/download/@types/koa-2.11.6.tgz",
      "integrity": "sha1-twMMqmtEr4AcKuoTunfXSv90hNU=",
      "requires": {
        "@types/accepts": "*",
        "@types/content-disposition": "*",
        "@types/cookies": "*",
        "@types/http-assert": "*",
        "@types/http-errors": "*",
        "@types/keygrip": "*",
        "@types/koa-compose": "*",
        "@types/node": "*"
      }
    },
    "@types/koa-compose": {
      "version": "3.2.5",
      "resolved": "https://registry.npm.taobao.org/@types/koa-compose/download/@types/koa-compose-3.2.5.tgz",
      "integrity": "sha1-hesugKxQvpXzfM+MQHwJu+NGjp0=",
      "requires": {
        "@types/koa": "*"
      }
    },
    "@types/mime": {
      "version": "1.3.2",
      "resolved": "https://registry.npm.taobao.org/@types/mime/download/@types/mime-1.3.2.tgz",
      "integrity": "sha1-k+Jb+e51/g/YC1lLxP6w6GIRG1o="
    },
    "@types/node": {
      "version": "14.14.22",
      "resolved": "https://registry.npm.taobao.org/@types/node/download/@types/node-14.14.22.tgz",
      "integrity": "sha1-DSnzgkcsTM872W/wzkfa9be4Sxg="
    },
    "@types/qs": {
      "version": "6.9.5",
      "resolved": "https://registry.npm.taobao.org/@types/qs/download/@types/qs-6.9.5.tgz?cache=0&sync_timestamp=1605055233715&other_urls=https%3A%2F%2Fregistry.npm.taobao.org%2F%40types%2Fqs%2Fdownload%2F%40types%2Fqs-6.9.5.tgz",
      "integrity": "sha1-Q0cRvdSete5p2QwdZ8NUqajssYs="
    },
    "@types/range-parser": {
      "version": "1.2.3",
      "resolved": "https://registry.npm.taobao.org/@types/range-parser/download/@types/range-parser-1.2.3.tgz?cache=0&sync_timestamp=1605055233723&other_urls=https%3A%2F%2Fregistry.npm.taobao.org%2F%40types%2Frange-parser%2Fdownload%2F%40types%2Frange-parser-1.2.3.tgz",
      "integrity": "sha1-fuMwunyq+5gJC+zoal7kQRWQTCw="
    },
    "@types/secure-json-parse": {
      "version": "1.0.2",
      "resolved": "https://registry.npm.taobao.org/@types/secure-json-parse/download/@types/secure-json-parse-1.0.2.tgz",
      "integrity": "sha1-+X1/cqQ9pDXINxw6MSKkT7KVqKU="
    },
    "@types/serve-static": {
      "version": "1.13.9",
      "resolved": "https://registry.npm.taobao.org/@types/serve-static/download/@types/serve-static-1.13.9.tgz?cache=0&sync_timestamp=1610978716267&other_urls=https%3A%2F%2Fregistry.npm.taobao.org%2F%40types%2Fserve-static%2Fdownload%2F%40types%2Fserve-static-1.13.9.tgz",
      "integrity": "sha1-qs8oqFoF7imhH7fD6tk1rFbzPk4=",
      "requires": {
        "@types/mime": "^1",
        "@types/node": "*"
      }
    },
    "@types/statuses": {
      "version": "1.5.1",
      "resolved": "https://registry.npm.taobao.org/@types/statuses/download/@types/statuses-1.5.1.tgz?cache=0&sync_timestamp=1605057231472&other_urls=https%3A%2F%2Fregistry.npm.taobao.org%2F%40types%2Fstatuses%2Fdownload%2F%40types%2Fstatuses-1.5.1.tgz",
      "integrity": "sha1-PmnAyx4YjruuJTFpTvrhGYVK/ic="
    },
    "cfworker-middware-telegraf": {
      "version": "1.0.0",
      "resolved": "https://registry.npm.taobao.org/cfworker-middware-telegraf/download/cfworker-middware-telegraf-1.0.0.tgz",
      "integrity": "sha1-6uHlQmAhD2v4D/CQ1J+zoGLNtPw="
    },
    "chance": {
      "version": "1.1.7",
      "resolved": "https://registry.npm.taobao.org/chance/download/chance-1.1.7.tgz",
      "integrity": "sha1-6Z3eWsFmga94e1upTIJ3wJDWz+g="
    },
    "cookie": {
      "version": "0.4.1",
      "resolved": "https://registry.npm.taobao.org/cookie/download/cookie-0.4.1.tgz",
      "integrity": "sha1-r9cT/ibr0hupXOth+agRblClN9E="
    },
    "debug": {
      "version": "4.3.1",
      "resolved": "https://registry.npm.taobao.org/debug/download/debug-4.3.1.tgz?cache=0&sync_timestamp=1607566533140&other_urls=https%3A%2F%2Fregistry.npm.taobao.org%2Fdebug%2Fdownload%2Fdebug-4.3.1.tgz",
      "integrity": "sha1-8NIpxQXgxtjEmsVT0bE9wYP2su4=",
      "requires": {
        "ms": "2.1.2"
      }
    },
    "escape-html": {
      "version": "1.0.3",
      "resolved": "https://registry.npm.taobao.org/escape-html/download/escape-html-1.0.3.tgz",
      "integrity": "sha1-Aljq5NPQwJdN4cFpGI7wBR0dGYg="
    },
    "koa-compose": {
      "version": "4.1.0",
      "resolved": "https://registry.npm.taobao.org/koa-compose/download/koa-compose-4.1.0.tgz?cache=0&sync_timestamp=1599805339337&other_urls=https%3A%2F%2Fregistry.npm.taobao.org%2Fkoa-compose%2Fdownload%2Fkoa-compose-4.1.0.tgz",
      "integrity": "sha1-UHMGuTcZAdtBEhyBLpI9DWfT6Hc="
    },
    "minimist": {
      "version": "1.2.5",
      "resolved": "https://registry.npm.taobao.org/minimist/download/minimist-1.2.5.tgz?cache=0&sync_timestamp=1584051509720&other_urls=https%3A%2F%2Fregistry.npm.taobao.org%2Fminimist%2Fdownload%2Fminimist-1.2.5.tgz",
      "integrity": "sha1-Z9ZgFLZqaoqqDAg8X9WN9OTpdgI="
    },
    "module-alias": {
      "version": "2.2.2",
      "resolved": "https://registry.npm.taobao.org/module-alias/download/module-alias-2.2.2.tgz",
      "integrity": "sha1-FRzc7MJOJXOf8KpuUeHFcWl0wOA="
    },
    "ms": {
      "version": "2.1.2",
      "resolved": "https://registry.npm.taobao.org/ms/download/ms-2.1.2.tgz?cache=0&sync_timestamp=1607433842694&other_urls=https%3A%2F%2Fregistry.npm.taobao.org%2Fms%2Fdownload%2Fms-2.1.2.tgz",
      "integrity": "sha1-0J0fNXtEP0kzgqjrPM0YOHKuYAk="
    },
    "negotiator": {
      "version": "0.6.2",
      "resolved": "https://registry.npm.taobao.org/negotiator/download/negotiator-0.6.2.tgz",
      "integrity": "sha1-/qz3zPUlp3rpY0Q2pkiD/+yjRvs="
    },
    "node-fetch": {
      "version": "2.6.1",
      "resolved": "https://registry.npm.taobao.org/node-fetch/download/node-fetch-2.6.1.tgz?cache=0&sync_timestamp=1599309179354&other_urls=https%3A%2F%2Fregistry.npm.taobao.org%2Fnode-fetch%2Fdownload%2Fnode-fetch-2.6.1.tgz",
      "integrity": "sha1-BFvTI2Mfdu0uK1VXM5RBa2OaAFI="
    },
    "path-to-regexp": {
      "version": "6.2.0",
      "resolved": "https://registry.npm.taobao.org/path-to-regexp/download/path-to-regexp-6.2.0.tgz",
      "integrity": "sha1-97OAMzYQTDRoia3s5hRmkjBkXzg="
    },
    "prettier": {
      "version": "1.19.1",
      "resolved": "https://registry.npm.taobao.org/prettier/download/prettier-1.19.1.tgz?cache=0&sync_timestamp=1606521141305&other_urls=https%3A%2F%2Fregistry.npm.taobao.org%2Fprettier%2Fdownload%2Fprettier-1.19.1.tgz",
      "integrity": "sha1-99f1/4qc2HKnvkyhQglZVqYHl8s=",
      "dev": true
    },
    "sandwich-stream": {
      "version": "2.0.2",
      "resolved": "https://registry.npm.taobao.org/sandwich-stream/download/sandwich-stream-2.0.2.tgz",
      "integrity": "sha1-bR/rbPfp/p+ttBUTRZpywuhAAPo="
    },
    "secure-json-parse": {
      "version": "2.2.0",
      "resolved": "https://registry.npm.taobao.org/secure-json-parse/download/secure-json-parse-2.2.0.tgz",
      "integrity": "sha1-zFMzigxZZn0i71hHsR2//8tLijc="
    },
    "statuses": {
      "version": "1.5.0",
      "resolved": "https://registry.npm.taobao.org/statuses/download/statuses-1.5.0.tgz?cache=0&sync_timestamp=1609654014762&other_urls=https%3A%2F%2Fregistry.npm.taobao.org%2Fstatuses%2Fdownload%2Fstatuses-1.5.0.tgz",
      "integrity": "sha1-Fhx9rBd2Wf2YEfQ3cfqZOBR4Yow="
    },
    "telegraf": {
      "version": "3.38.0",
      "resolved": "https://registry.npm.taobao.org/telegraf/download/telegraf-3.38.0.tgz",
      "integrity": "sha1-dFtEdUeo5s22JgVeTWFgWKquB1k=",
      "requires": {
        "debug": "^4.0.1",
        "minimist": "^1.2.0",
        "module-alias": "^2.2.2",
        "node-fetch": "^2.2.0",
        "sandwich-stream": "^2.0.1",
        "telegram-typings": "^3.6.0"
      }
    },
    "telegram-typings": {
      "version": "3.6.1",
      "resolved": "https://registry.npm.taobao.org/telegram-typings/download/telegram-typings-3.6.1.tgz",
      "integrity": "sha1-EojVR/hpS2HxwBwpk+KV8xFNniU="
    }
  }
}
